
Microsoft Visual Studio Solution File, Format Version 12.00
# Visual Studio Version 17
VisualStudioVersion = 17.3.32811.315
MinimumVisualStudioVersion = 10.0.40219.1
Project("{8BC9CEB8-8B4A-11D0-8D11-00A0C91BC942}") = "문자열 뒤집기", "문자열 뒤집기.vcxproj", "{287CCC74-72B0-4A7F-BF3C-11592C9D1E26}"
EndProject
Global
	GlobalSection(SolutionConfigurationPlatforms) = preSolution
		Debug|x64 = Debug|x64
		Debug|x86 = Debug|x86
		Release|x64 = Release|x64
		Release|x86 = Release|x86
	EndGlobalSection
	GlobalSection(ProjectConfigurationPlatforms) = postSolution
		{287CCC74-72B0-4A7F-BF3C-11592C9D1E26}.Debug|x64.ActiveCfg = Debug|x64
		{287CCC74-72B0-4A7F-BF3C-11592C9D1E26}.Debug|x64.Build.0 = Debug|x64
		{287CCC74-72B0-4A7F-BF3C-11592C9D1E26}.Debug|x86.ActiveCfg = Debug|Win32
		{287CCC74-72B0-4A7F-BF3C-11592C9D1E26}.Debug|x86.Build.0 = Debug|Win32
		{287CCC74-72B0-4A7F-BF3C-11592C9D1E26}.Release|x64.ActiveCfg = Release|x64
		{287CCC74-72B0-4A7F-BF3C-11592C9D1E26}.Release|x64.Build.0 = Release|x64
		{287CCC74-72B0-4A7F-BF3C-11592C9D1E26}.Release|x86.ActiveCfg = Release|Win32
		{287CCC74-72B0-4A7F-BF3C-11592C9D1E26}.Release|x86.Build.0 = Release|Win32
	EndGlobalSection
	GlobalSection(SolutionProperties) = preSolution
		HideSolutionNode = FALSE
	EndGlobalSection
	GlobalSection(ExtensibilityGlobals) = postSolution
		SolutionGuid = {8ECC64EB-0390-4581-9D23-B554E9C8E9A5}
	EndGlobalSection
EndGlobal
