
Microsoft Visual Studio Solution File, Format Version 12.00
# Visual Studio Version 17
VisualStudioVersion = 17.3.32811.315
MinimumVisualStudioVersion = 10.0.40219.1
Project("{8BC9CEB8-8B4A-11D0-8D11-00A0C91BC942}") = "최소공배수, 최대공약수 두와일", "최소공배수, 최대공약수 두와일.vcxproj", "{14081CBC-EE04-4741-B92D-4022CC16E53D}"
EndProject
Global
	GlobalSection(SolutionConfigurationPlatforms) = preSolution
		Debug|x64 = Debug|x64
		Debug|x86 = Debug|x86
		Release|x64 = Release|x64
		Release|x86 = Release|x86
	EndGlobalSection
	GlobalSection(ProjectConfigurationPlatforms) = postSolution
		{14081CBC-EE04-4741-B92D-4022CC16E53D}.Debug|x64.ActiveCfg = Debug|x64
		{14081CBC-EE04-4741-B92D-4022CC16E53D}.Debug|x64.Build.0 = Debug|x64
		{14081CBC-EE04-4741-B92D-4022CC16E53D}.Debug|x86.ActiveCfg = Debug|Win32
		{14081CBC-EE04-4741-B92D-4022CC16E53D}.Debug|x86.Build.0 = Debug|Win32
		{14081CBC-EE04-4741-B92D-4022CC16E53D}.Release|x64.ActiveCfg = Release|x64
		{14081CBC-EE04-4741-B92D-4022CC16E53D}.Release|x64.Build.0 = Release|x64
		{14081CBC-EE04-4741-B92D-4022CC16E53D}.Release|x86.ActiveCfg = Release|Win32
		{14081CBC-EE04-4741-B92D-4022CC16E53D}.Release|x86.Build.0 = Release|Win32
	EndGlobalSection
	GlobalSection(SolutionProperties) = preSolution
		HideSolutionNode = FALSE
	EndGlobalSection
	GlobalSection(ExtensibilityGlobals) = postSolution
		SolutionGuid = {D4F36812-7E64-4168-9E35-AB81D1C2129A}
	EndGlobalSection
EndGlobal
