
Microsoft Visual Studio Solution File, Format Version 12.00
# Visual Studio Version 17
VisualStudioVersion = 17.3.32811.315
MinimumVisualStudioVersion = 10.0.40219.1
Project("{8BC9CEB8-8B4A-11D0-8D11-00A0C91BC942}") = "최소공배수, 최대공약수", "최소공배수, 최대공약수.vcxproj", "{11AB9060-2697-48D7-A94F-52773D5F1059}"
EndProject
Global
	GlobalSection(SolutionConfigurationPlatforms) = preSolution
		Debug|x64 = Debug|x64
		Debug|x86 = Debug|x86
		Release|x64 = Release|x64
		Release|x86 = Release|x86
	EndGlobalSection
	GlobalSection(ProjectConfigurationPlatforms) = postSolution
		{11AB9060-2697-48D7-A94F-52773D5F1059}.Debug|x64.ActiveCfg = Debug|x64
		{11AB9060-2697-48D7-A94F-52773D5F1059}.Debug|x64.Build.0 = Debug|x64
		{11AB9060-2697-48D7-A94F-52773D5F1059}.Debug|x86.ActiveCfg = Debug|Win32
		{11AB9060-2697-48D7-A94F-52773D5F1059}.Debug|x86.Build.0 = Debug|Win32
		{11AB9060-2697-48D7-A94F-52773D5F1059}.Release|x64.ActiveCfg = Release|x64
		{11AB9060-2697-48D7-A94F-52773D5F1059}.Release|x64.Build.0 = Release|x64
		{11AB9060-2697-48D7-A94F-52773D5F1059}.Release|x86.ActiveCfg = Release|Win32
		{11AB9060-2697-48D7-A94F-52773D5F1059}.Release|x86.Build.0 = Release|Win32
	EndGlobalSection
	GlobalSection(SolutionProperties) = preSolution
		HideSolutionNode = FALSE
	EndGlobalSection
	GlobalSection(ExtensibilityGlobals) = postSolution
		SolutionGuid = {36AC6C75-C9FF-4563-935E-2FAD87E22F67}
	EndGlobalSection
EndGlobal
